
Microsoft Visual Studio Solution File, Format Version 12.00
# Visual Studio Version 17
VisualStudioVersion = 17.8.34330.188
MinimumVisualStudioVersion = 10.0.40219.1
Project("{FAE04EC0-301F-11D3-BF4B-00C04F79EFBC}") = "LareenCafe.Api", "Lareen Cafe\LareenCafe.Api.csproj", "{19F6D472-6854-4515-8457-A851BD6EB21E}"
EndProject
Global
	GlobalSection(SolutionConfigurationPlatforms) = preSolution
		Debug|Any CPU = Debug|Any CPU
		Release|Any CPU = Release|Any CPU
	EndGlobalSection
	GlobalSection(ProjectConfigurationPlatforms) = postSolution
		{19F6D472-6854-4515-8457-A851BD6EB21E}.Debug|Any CPU.ActiveCfg = Debug|Any CPU
		{19F6D472-6854-4515-8457-A851BD6EB21E}.Debug|Any CPU.Build.0 = Debug|Any CPU
		{19F6D472-6854-4515-8457-A851BD6EB21E}.Release|Any CPU.ActiveCfg = Release|Any CPU
		{19F6D472-6854-4515-8457-A851BD6EB21E}.Release|Any CPU.Build.0 = Release|Any CPU
	EndGlobalSection
	GlobalSection(SolutionProperties) = preSolution
		HideSolutionNode = FALSE
	EndGlobalSection
	GlobalSection(ExtensibilityGlobals) = postSolution
		SolutionGuid = {7664BDC1-F169-4AEB-B138-1667EAD40681}
	EndGlobalSection
EndGlobal
